
Microsoft Visual Studio Solution File, Format Version 12.00
# Visual Studio 15
VisualStudioVersion = 15.0.28010.2026
MinimumVisualStudioVersion = 10.0.40219.1
Project("{9A19103F-16F7-4668-BE54-9A1E7A4F7556}") = "ComiAdmin", "ComiAdmin\ComiAdmin.csproj", "{896AD73A-8F40-4857-9218-81F45AD4D246}"
EndProject
Project("{FAE04EC0-301F-11D3-BF4B-00C04F79EFBC}") = "ComiCore", "comiCore\ComiCore.csproj", "{31CB6058-6499-4551-B4B4-6913B3ABCB10}"
EndProject
Project("{FAE04EC0-301F-11D3-BF4B-00C04F79EFBC}") = "ComiService", "ComiService\ComiService.csproj", "{FBA28A31-F9A1-4C32-9569-A5054BBE045E}"
EndProject
Global
	GlobalSection(SolutionConfigurationPlatforms) = preSolution
		Debug|Any CPU = Debug|Any CPU
		Release|Any CPU = Release|Any CPU
	EndGlobalSection
	GlobalSection(ProjectConfigurationPlatforms) = postSolution
		{896AD73A-8F40-4857-9218-81F45AD4D246}.Debug|Any CPU.ActiveCfg = Debug|Any CPU
		{896AD73A-8F40-4857-9218-81F45AD4D246}.Debug|Any CPU.Build.0 = Debug|Any CPU
		{896AD73A-8F40-4857-9218-81F45AD4D246}.Release|Any CPU.ActiveCfg = Release|Any CPU
		{896AD73A-8F40-4857-9218-81F45AD4D246}.Release|Any CPU.Build.0 = Release|Any CPU
		{31CB6058-6499-4551-B4B4-6913B3ABCB10}.Debug|Any CPU.ActiveCfg = Debug|Any CPU
		{31CB6058-6499-4551-B4B4-6913B3ABCB10}.Debug|Any CPU.Build.0 = Debug|Any CPU
		{31CB6058-6499-4551-B4B4-6913B3ABCB10}.Release|Any CPU.ActiveCfg = Release|Any CPU
		{31CB6058-6499-4551-B4B4-6913B3ABCB10}.Release|Any CPU.Build.0 = Release|Any CPU
		{FBA28A31-F9A1-4C32-9569-A5054BBE045E}.Debug|Any CPU.ActiveCfg = Debug|Any CPU
		{FBA28A31-F9A1-4C32-9569-A5054BBE045E}.Debug|Any CPU.Build.0 = Debug|Any CPU
		{FBA28A31-F9A1-4C32-9569-A5054BBE045E}.Release|Any CPU.ActiveCfg = Release|Any CPU
		{FBA28A31-F9A1-4C32-9569-A5054BBE045E}.Release|Any CPU.Build.0 = Release|Any CPU
	EndGlobalSection
	GlobalSection(SolutionProperties) = preSolution
		HideSolutionNode = FALSE
	EndGlobalSection
	GlobalSection(ExtensibilityGlobals) = postSolution
		SolutionGuid = {76B44AA2-E4B6-4DE7-87F9-8932FA101FBB}
	EndGlobalSection
EndGlobal
